
Microsoft Visual Studio Solution File, Format Version 12.00
# Visual Studio 2012
Project("{FAE04EC0-301F-11D3-BF4B-00C04F79EFBC}") = "mPassword.Droid", "Droid\mPassword.Droid.csproj", "{EA1BE36C-DE38-4FAD-94F1-2B24A6253830}"
EndProject
Project("{FAE04EC0-301F-11D3-BF4B-00C04F79EFBC}") = "mPassword.iOS", "iOS\mPassword.iOS.csproj", "{7B218448-72CD-483B-A646-CADD3C2CD4DA}"
EndProject
Project("{D954291E-2A0B-460D-934E-DC6B0785DB48}") = "mPassword.Shared", "mPassword.Shared\mPassword.Shared.shproj", "{D635D0BB-A53A-401B-A6A0-FA03001E56A5}"
EndProject
Global
	GlobalSection(SolutionConfigurationPlatforms) = preSolution
		Debug|Any CPU = Debug|Any CPU
		Release|Any CPU = Release|Any CPU
		Debug|iPhoneSimulator = Debug|iPhoneSimulator
		Release|iPhone = Release|iPhone
		Release|iPhoneSimulator = Release|iPhoneSimulator
		Debug|iPhone = Debug|iPhone
	EndGlobalSection
	GlobalSection(ProjectConfigurationPlatforms) = postSolution
		{EA1BE36C-DE38-4FAD-94F1-2B24A6253830}.Debug|Any CPU.ActiveCfg = Debug|Any CPU
		{EA1BE36C-DE38-4FAD-94F1-2B24A6253830}.Debug|Any CPU.Build.0 = Debug|Any CPU
		{EA1BE36C-DE38-4FAD-94F1-2B24A6253830}.Release|Any CPU.ActiveCfg = Release|Any CPU
		{EA1BE36C-DE38-4FAD-94F1-2B24A6253830}.Release|Any CPU.Build.0 = Release|Any CPU
		{EA1BE36C-DE38-4FAD-94F1-2B24A6253830}.Debug|iPhoneSimulator.ActiveCfg = Debug|Any CPU
		{EA1BE36C-DE38-4FAD-94F1-2B24A6253830}.Debug|iPhoneSimulator.Build.0 = Debug|Any CPU
		{EA1BE36C-DE38-4FAD-94F1-2B24A6253830}.Release|iPhone.ActiveCfg = Release|Any CPU
		{EA1BE36C-DE38-4FAD-94F1-2B24A6253830}.Release|iPhone.Build.0 = Release|Any CPU
		{EA1BE36C-DE38-4FAD-94F1-2B24A6253830}.Release|iPhoneSimulator.ActiveCfg = Release|Any CPU
		{EA1BE36C-DE38-4FAD-94F1-2B24A6253830}.Release|iPhoneSimulator.Build.0 = Release|Any CPU
		{EA1BE36C-DE38-4FAD-94F1-2B24A6253830}.Debug|iPhone.ActiveCfg = Debug|Any CPU
		{EA1BE36C-DE38-4FAD-94F1-2B24A6253830}.Debug|iPhone.Build.0 = Debug|Any CPU
		{7B218448-72CD-483B-A646-CADD3C2CD4DA}.Debug|Any CPU.ActiveCfg = Debug|iPhoneSimulator
		{7B218448-72CD-483B-A646-CADD3C2CD4DA}.Debug|Any CPU.Build.0 = Debug|iPhoneSimulator
		{7B218448-72CD-483B-A646-CADD3C2CD4DA}.Release|Any CPU.ActiveCfg = Release|iPhone
		{7B218448-72CD-483B-A646-CADD3C2CD4DA}.Release|Any CPU.Build.0 = Release|iPhone
		{7B218448-72CD-483B-A646-CADD3C2CD4DA}.Debug|iPhoneSimulator.ActiveCfg = Debug|iPhoneSimulator
		{7B218448-72CD-483B-A646-CADD3C2CD4DA}.Debug|iPhoneSimulator.Build.0 = Debug|iPhoneSimulator
		{7B218448-72CD-483B-A646-CADD3C2CD4DA}.Release|iPhone.ActiveCfg = Release|iPhone
		{7B218448-72CD-483B-A646-CADD3C2CD4DA}.Release|iPhone.Build.0 = Release|iPhone
		{7B218448-72CD-483B-A646-CADD3C2CD4DA}.Release|iPhoneSimulator.ActiveCfg = Release|iPhoneSimulator
		{7B218448-72CD-483B-A646-CADD3C2CD4DA}.Release|iPhoneSimulator.Build.0 = Release|iPhoneSimulator
		{7B218448-72CD-483B-A646-CADD3C2CD4DA}.Debug|iPhone.ActiveCfg = Debug|iPhone
		{7B218448-72CD-483B-A646-CADD3C2CD4DA}.Debug|iPhone.Build.0 = Debug|iPhone
	EndGlobalSection
EndGlobal
